// !$*UTF8*$!
{
	archiveVersion = 1;
	classes = {
	};
	objectVersion = 46;
	objects = {

/* Begin PBXBuildFile section */
		FF086DED1D82A8F400A54A99 /* main.m in Sources */ = {isa = PBXBuildFile; fileRef = FF086DEC1D82A8F400A54A99 /* main.m */; };
		FF086DF01D82A8F400A54A99 /* AppDelegate.m in Sources */ = {isa = PBXBuildFile; fileRef = FF086DEF1D82A8F400A54A99 /* AppDelegate.m */; };
		FF086DF31D82A8F400A54A99 /* ViewController.m in Sources */ = {isa = PBXBuildFile; fileRef = FF086DF21D82A8F400A54A99 /* ViewController.m */; };
		FF086DF61D82A8F400A54A99 /* Main.storyboard in Resources */ = {isa = PBXBuildFile; fileRef = FF086DF41D82A8F400A54A99 /* Main.storyboard */; };
		FF086DF81D82A8F400A54A99 /* Assets.xcassets in Resources */ = {isa = PBXBuildFile; fileRef = FF086DF71D82A8F400A54A99 /* Assets.xcassets */; };
		FF086DFB1D82A8F400A54A99 /* LaunchScreen.storyboard in Resources */ = {isa = PBXBuildFile; fileRef = FF086DF91D82A8F400A54A99 /* LaunchScreen.storyboard */; };
/* End PBXBuildFile section */

/* Begin PBXFileReference section */
		FF086DE81D82A8F400A54A99 /* weibo.app */ = {isa = PBXFileReference; explicitFileType = wrapper.application; includeInIndex = 0; path = weibo.app; sourceTree = BUILT_PRODUCTS_DIR; };
		FF086DEC1D82A8F400A54A99 /* main.m */ = {isa = PBXFileReference; lastKnownFileType = sourcecode.c.objc; path = main.m; sourceTree = "<group>"; };
		FF086DEE1D82A8F400A54A99 /* AppDelegate.h */ = {isa = PBXFileReference; lastKnownFileType = sourcecode.c.h; path = AppDelegate.h; sourceTree = "<group>"; };
		FF086DEF1D82A8F400A54A99 /* AppDelegate.m */ = {isa = PBXFileReference; lastKnownFileType = sourcecode.c.objc; path = AppDelegate.m; sourceTree = "<group>"; };
		FF086DF11D82A8F400A54A99 /* ViewController.h */ = {isa = PBXFileReference; lastKnownFileType = sourcecode.c.h; path = ViewController.h; sourceTree = "<group>"; };
		FF086DF21D82A8F400A54A99 /* ViewController.m */ = {isa = PBXFileReference; lastKnownFileType = sourcecode.c.objc; path = ViewController.m; sourceTree = "<group>"; };
		FF086DF51D82A8F400A54A99 /* Base */ = {isa = PBXFileReference; lastKnownFileType = file.storyboard; name = Base; path = Base.lproj/Main.storyboard; sourceTree = "<group>"; };
		FF086DF71D82A8F400A54A99 /* Assets.xcassets */ = {isa = PBXFileReference; lastKnownFileType = folder.assetcatalog; path = Assets.xcassets; sourceTree = "<group>"; };
		FF086DFA1D82A8F400A54A99 /* Base */ = {isa = PBXFileReference; lastKnownFileType = file.storyboard; name = Base; path = Base.lproj/LaunchScreen.storyboard; sourceTree = "<group>"; };
		FF086DFC1D82A8F400A54A99 /* Info.plist */ = {isa = PBXFileReference; lastKnownFileType = text.plist.xml; path = Info.plist; sourceTree = "<group>"; };
/* End PBXFileReference section */

/* Begin PBXFrameworksBuildPhase section */
		FF086DE51D82A8F400A54A99 /* Frameworks */ = {
			isa = PBXFrameworksBuildPhase;
			buildActionMask = 2147483647;
			files = (
			);
			runOnlyForDeploymentPostprocessing = 0;
		};
/* End PBXFrameworksBuildPhase section */

/* Begin PBXGroup section */
		FF086DDF1D82A8F400A54A99 = {
			isa = PBXGroup;
			children = (
				FF086DEA1D82A8F400A54A99 /* weibo */,
				FF086DE91D82A8F400A54A99 /* Products */,
			);
			sourceTree = "<group>";
		};
		FF086DE91D82A8F400A54A99 /* Products */ = {
			isa = PBXGroup;
			children = (
				FF086DE81D82A8F400A54A99 /* weibo.app */,
			);
			name = Products;
			sourceTree = "<group>";
		};
		FF086DEA1D82A8F400A54A99 /* weibo */ = {
			isa = PBXGroup;
			children = (
				FF086DEE1D82A8F400A54A99 /* AppDelegate.h */,
				FF086DEF1D82A8F400A54A99 /* AppDelegate.m */,
				FF086DF11D82A8F400A54A99 /* ViewController.h */,
				FF086DF21D82A8F400A54A99 /* ViewController.m */,
				FF086DF41D82A8F400A54A99 /* Main.storyboard */,
				FF086DF71D82A8F400A54A99 /* Assets.xcassets */,
				FF086DF91D82A8F400A54A99 /* LaunchScreen.storyboard */,
				FF086DFC1D82A8F400A54A99 /* Info.plist */,
				FF086DEB1D82A8F400A54A99 /* Supporting Files */,
			);
			path = weibo;
			sourceTree = "<group>";
		};
		FF086DEB1D82A8F400A54A99 /* Supporting Files */ = {
			isa = PBXGroup;
			children = (
				FF086DEC1D82A8F400A54A99 /* main.m */,
			);
			name = "Supporting Files";
			sourceTree = "<group>";
		};
/* End PBXGroup section */

/* Begin PBXNativeTarget section */
		FF086DE71D82A8F400A54A99 /* weibo */ = {
			isa = PBXNativeTarget;
			buildConfigurationList = FF086DFF1D82A8F400A54A99 /* Build configuration list for PBXNativeTarget "weibo" */;
			buildPhases = (
				FF086DE41D82A8F400A54A99 /* Sources */,
				FF086DE51D82A8F400A54A99 /* Frameworks */,
				FF086DE61D82A8F400A54A99 /* Resources */,
			);
			buildRules = (
			);
			dependencies = (
			);
			name = weibo;
			productName = weibo;
			productReference = FF086DE81D82A8F400A54A99 /* weibo.app */;
			productType = "com.apple.product-type.application";
		};
/* End PBXNativeTarget section */

/* Begin PBXProject section */
		FF086DE01D82A8F400A54A99 /* Project object */ = {
			isa = PBXProject;
			attributes = {
				LastUpgradeCheck = 0720;
				ORGANIZATIONNAME = huodian;
				TargetAttributes = {
					FF086DE71D82A8F400A54A99 = {
						CreatedOnToolsVersion = 7.2.1;
					};
				};
			};
			buildConfigurationList = FF086DE31D82A8F400A54A99 /* Build configuration list for PBXProject "weibo" */;
			compatibilityVersion = "Xcode 3.2";
			developmentRegion = English;
			hasScannedForEncodings = 0;
			knownRegions = (
				en,
				Base,
			);
			mainGroup = FF086DDF1D82A8F400A54A99;
			productRefGroup = FF086DE91D82A8F400A54A99 /* Products */;
			projectDirPath = "";
			projectRoot = "";
			targets = (
				FF086DE71D82A8F400A54A99 /* weibo */,
			);
		};
/* End PBXProject section */

/* Begin PBXResourcesBuildPhase section */
		FF086DE61D82A8F400A54A99 /* Resources */ = {
			isa = PBXResourcesBuildPhase;
			buildActionMask = 2147483647;
			files = (
				FF086DFB1D82A8F400A54A99 /* LaunchScreen.storyboard in Resources */,
				FF086DF81D82A8F400A54A99 /* Assets.xcassets in Resources */,
				FF086DF61D82A8F400A54A99 /* Main.storyboard in Resources */,
			);
			runOnlyForDeploymentPostprocessing = 0;
		};
/* End PBXResourcesBuildPhase section */

/* Begin PBXSourcesBuildPhase section */
		FF086DE41D82A8F400A54A99 /* Sources */ = {
			isa = PBXSourcesBuildPhase;
			buildActionMask = 2147483647;
			files = (
				FF086DF31D82A8F400A54A99 /* ViewController.m in Sources */,
				FF086DF01D82A8F400A54A99 /* AppDelegate.m in Sources */,
				FF086DED1D82A8F400A54A99 /* main.m in Sources */,
			);
			runOnlyForDeploymentPostprocessing = 0;
		};
/* End PBXSourcesBuildPhase section */

/* Begin PBXVariantGroup section */
		FF086DF41D82A8F400A54A99 /* Main.storyboard */ = {
			isa = PBXVariantGroup;
			children = (
				FF086DF51D82A8F400A54A99 /* Base */,
			);
			name = Main.storyboard;
			sourceTree = "<group>";
		};
		FF086DF91D82A8F400A54A99 /* LaunchScreen.storyboard */ = {
			isa = PBXVariantGroup;
			children = (
				FF086DFA1D82A8F400A54A99 /* Base */,
			);
			name = LaunchScreen.storyboard;
			sourceTree = "<group>";
		};
/* End PBXVariantGroup section */

/* Begin XCBuildConfiguration section */
		FF086DFD1D82A8F400A54A99 /* Debug */ = {
			isa = XCBuildConfiguration;
			buildSettings = {
				ALWAYS_SEARCH_USER_PATHS = NO;
				CLANG_CXX_LANGUAGE_STANDARD = "gnu++0x";
				CLANG_CXX_LIBRARY = "libc++";
				CLANG_ENABLE_MODULES = YES;
				CLANG_ENABLE_OBJC_ARC = YES;
				CLANG_WARN_BOOL_CONVERSION = YES;
				CLANG_WARN_CONSTANT_CONVERSION = YES;
				CLANG_WARN_DIRECT_OBJC_ISA_USAGE = YES_ERROR;
				CLANG_WARN_EMPTY_BODY = YES;
				CLANG_WARN_ENUM_CONVERSION = YES;
				CLANG_WARN_INT_CONVERSION = YES;
				CLANG_WARN_OBJC_ROOT_CLASS = YES_ERROR;
				CLANG_WARN_UNREACHABLE_CODE = YES;
				CLANG_WARN__DUPLICATE_METHOD_MATCH = YES;
				"CODE_SIGN_IDENTITY[sdk=iphoneos*]" = "iPhone Developer";
				COPY_PHASE_STRIP = NO;
				DEBUG_INFORMATION_FORMAT = dwarf;
				ENABLE_STRICT_OBJC_MSGSEND = YES;
				ENABLE_TESTABILITY = YES;
				GCC_C_LANGUAGE_STANDARD = gnu99;
				GCC_DYNAMIC_NO_PIC = NO;
				GCC_NO_COMMON_BLOCKS = YES;
				GCC_OPTIMIZATION_LEVEL = 0;
				GCC_PREPROCESSOR_DEFINITIONS = (
					"DEBUG=1",
					"$(inherited)",
				);
				GCC_WARN_64_TO_32_BIT_CONVERSION = YES;
				GCC_WARN_ABOUT_RETURN_TYPE = YES_ERROR;
				GCC_WARN_UNDECLARED_SELECTOR = YES;
				GCC_WARN_UNINITIALIZED_AUTOS = YES_AGGRESSIVE;
				GCC_WARN_UNUSED_FUNCTION = YES;
				GCC_WARN_UNUSED_VARIABLE = YES;
				IPHONEOS_DEPLOYMENT_TARGET = 9.2;
				MTL_ENABLE_DEBUG_INFO = YES;
				ONLY_ACTIVE_ARCH = YES;
				SDKROOT = iphoneos;
				TARGETED_DEVICE_FAMILY = "1,2";
			};
			name = Debug;
		};
		FF086DFE1D82A8F400A54A99 /* Release */ = {
			isa = XCBuildConfiguration;
			buildSettings = {
				ALWAYS_SEARCH_USER_PATHS = NO;
				CLANG_CXX_LANGUAGE_STANDARD = "gnu++0x";
				CLANG_CXX_LIBRARY = "libc++";
				CLANG_ENABLE_MODULES = YES;
				CLANG_ENABLE_OBJC_ARC = YES;
				CLANG_WARN_BOOL_CONVERSION = YES;
				CLANG_WARN_CONSTANT_CONVERSION = YES;
				CLANG_WARN_DIRECT_OBJC_ISA_USAGE = YES_ERROR;
				CLANG_WARN_EMPTY_BODY = YES;
				CLANG_WARN_ENUM_CONVERSION = YES;
				CLANG_WARN_INT_CONVERSION = YES;
				CLANG_WARN_OBJC_ROOT_CLASS = YES_ERROR;
				CLANG_WARN_UNREACHABLE_CODE = YES;
				CLANG_WARN__DUPLICATE_METHOD_MATCH = YES;
				"CODE_SIGN_IDENTITY[sdk=iphoneos*]" = "iPhone Developer";
				COPY_PHASE_STRIP = NO;
				DEBUG_INFORMATION_FORMAT = "dwarf-with-dsym";
				ENABLE_NS_ASSERTIONS = NO;
				ENABLE_STRICT_OBJC_MSGSEND = YES;
				GCC_C_LANGUAGE_STANDARD = gnu99;
				GCC_NO_COMMON_BLOCKS = YES;
				GCC_WARN_64_TO_32_BIT_CONVERSION = YES;
				GCC_WARN_ABOUT_RETURN_TYPE = YES_ERROR;
				GCC_WARN_UNDECLARED_SELECTOR = YES;
				GCC_WARN_UNINITIALIZED_AUTOS = YES_AGGRESSIVE;
				GCC_WARN_UNUSED_FUNCTION = YES;
				GCC_WARN_UNUSED_VARIABLE = YES;
				IPHONEOS_DEPLOYMENT_TARGET = 9.2;
				MTL_ENABLE_DEBUG_INFO = NO;
				SDKROOT = iphoneos;
				TARGETED_DEVICE_FAMILY = "1,2";
				VALIDATE_PRODUCT = YES;
			};
			name = Release;
		};
		FF086E001D82A8F400A54A99 /* Debug */ = {
			isa = XCBuildConfiguration;
			buildSettings = {
				ASSETCATALOG_COMPILER_APPICON_NAME = AppIcon;
				INFOPLIST_FILE = weibo/Info.plist;
				LD_RUNPATH_SEARCH_PATHS = "$(inherited) @executable_path/Frameworks";
				PRODUCT_BUNDLE_IDENTIFIER = com.yanghuancheng.www.weibo;
				PRODUCT_NAME = "$(TARGET_NAME)";
			};
			name = Debug;
		};
		FF086E011D82A8F400A54A99 /* Release */ = {
			isa = XCBuildConfiguration;
			buildSettings = {
				ASSETCATALOG_COMPILER_APPICON_NAME = AppIcon;
				INFOPLIST_FILE = weibo/Info.plist;
				LD_RUNPATH_SEARCH_PATHS = "$(inherited) @executable_path/Frameworks";
				PRODUCT_BUNDLE_IDENTIFIER = com.yanghuancheng.www.weibo;
				PRODUCT_NAME = "$(TARGET_NAME)";
			};
			name = Release;
		};
/* End XCBuildConfiguration section */

/* Begin XCConfigurationList section */
		FF086DE31D82A8F400A54A99 /* Build configuration list for PBXProject "weibo" */ = {
			isa = XCConfigurationList;
			buildConfigurations = (
				FF086DFD1D82A8F400A54A99 /* Debug */,
				FF086DFE1D82A8F400A54A99 /* Release */,
			);
			defaultConfigurationIsVisible = 0;
			defaultConfigurationName = Release;
		};
		FF086DFF1D82A8F400A54A99 /* Build configuration list for PBXNativeTarget "weibo" */ = {
			isa = XCConfigurationList;
			buildConfigurations = (
				FF086E001D82A8F400A54A99 /* Debug */,
				FF086E011D82A8F400A54A99 /* Release */,
			);
			defaultConfigurationIsVisible = 0;
		};
/* End XCConfigurationList section */
	};
	rootObject = FF086DE01D82A8F400A54A99 /* Project object */;
}
